
Microsoft Visual Studio Solution File, Format Version 12.00
# Visual Studio Version 16
VisualStudioVersion = 16.0.30717.126
MinimumVisualStudioVersion = 10.0.40219.1
Project("{FAE04EC0-301F-11D3-BF4B-00C04F79EFBC}") = "PersonalAgenda.Android", "PersonalAgenda.Android\PersonalAgenda.Android.csproj", "{75609C46-CD5D-46DE-B090-A494CF29A502}"
EndProject
Project("{FAE04EC0-301F-11D3-BF4B-00C04F79EFBC}") = "PersonalAgenda.iOS", "PersonalAgenda.iOS\PersonalAgenda.iOS.csproj", "{7408D6B4-D665-40C0-A441-E3A9A8C16E1A}"
EndProject
Project("{FAE04EC0-301F-11D3-BF4B-00C04F79EFBC}") = "PersonalAgenda", "PersonalAgenda\PersonalAgenda.csproj", "{2168CC2F-DAD4-4E24-88C3-140EAF65AB71}"
EndProject
Global
	GlobalSection(SolutionConfigurationPlatforms) = preSolution
		Debug|Any CPU = Debug|Any CPU
		Debug|iPhone = Debug|iPhone
		Debug|iPhoneSimulator = Debug|iPhoneSimulator
		Release|Any CPU = Release|Any CPU
		Release|iPhone = Release|iPhone
		Release|iPhoneSimulator = Release|iPhoneSimulator
	EndGlobalSection
	GlobalSection(ProjectConfigurationPlatforms) = postSolution
		{75609C46-CD5D-46DE-B090-A494CF29A502}.Debug|Any CPU.ActiveCfg = Debug|Any CPU
		{75609C46-CD5D-46DE-B090-A494CF29A502}.Debug|Any CPU.Build.0 = Debug|Any CPU
		{75609C46-CD5D-46DE-B090-A494CF29A502}.Debug|Any CPU.Deploy.0 = Debug|Any CPU
		{75609C46-CD5D-46DE-B090-A494CF29A502}.Debug|iPhone.ActiveCfg = Debug|Any CPU
		{75609C46-CD5D-46DE-B090-A494CF29A502}.Debug|iPhone.Build.0 = Debug|Any CPU
		{75609C46-CD5D-46DE-B090-A494CF29A502}.Debug|iPhone.Deploy.0 = Debug|Any CPU
		{75609C46-CD5D-46DE-B090-A494CF29A502}.Debug|iPhoneSimulator.ActiveCfg = Debug|Any CPU
		{75609C46-CD5D-46DE-B090-A494CF29A502}.Debug|iPhoneSimulator.Build.0 = Debug|Any CPU
		{75609C46-CD5D-46DE-B090-A494CF29A502}.Debug|iPhoneSimulator.Deploy.0 = Debug|Any CPU
		{75609C46-CD5D-46DE-B090-A494CF29A502}.Release|Any CPU.ActiveCfg = Release|Any CPU
		{75609C46-CD5D-46DE-B090-A494CF29A502}.Release|Any CPU.Build.0 = Release|Any CPU
		{75609C46-CD5D-46DE-B090-A494CF29A502}.Release|Any CPU.Deploy.0 = Release|Any CPU
		{75609C46-CD5D-46DE-B090-A494CF29A502}.Release|iPhone.ActiveCfg = Release|Any CPU
		{75609C46-CD5D-46DE-B090-A494CF29A502}.Release|iPhone.Build.0 = Release|Any CPU
		{75609C46-CD5D-46DE-B090-A494CF29A502}.Release|iPhone.Deploy.0 = Release|Any CPU
		{75609C46-CD5D-46DE-B090-A494CF29A502}.Release|iPhoneSimulator.ActiveCfg = Release|Any CPU
		{75609C46-CD5D-46DE-B090-A494CF29A502}.Release|iPhoneSimulator.Build.0 = Release|Any CPU
		{75609C46-CD5D-46DE-B090-A494CF29A502}.Release|iPhoneSimulator.Deploy.0 = Release|Any CPU
		{7408D6B4-D665-40C0-A441-E3A9A8C16E1A}.Debug|Any CPU.ActiveCfg = Debug|iPhone
		{7408D6B4-D665-40C0-A441-E3A9A8C16E1A}.Debug|Any CPU.Build.0 = Debug|iPhone
		{7408D6B4-D665-40C0-A441-E3A9A8C16E1A}.Debug|Any CPU.Deploy.0 = Debug|iPhone
		{7408D6B4-D665-40C0-A441-E3A9A8C16E1A}.Debug|iPhone.ActiveCfg = Debug|iPhone
		{7408D6B4-D665-40C0-A441-E3A9A8C16E1A}.Debug|iPhone.Build.0 = Debug|iPhone
		{7408D6B4-D665-40C0-A441-E3A9A8C16E1A}.Debug|iPhone.Deploy.0 = Debug|iPhone
		{7408D6B4-D665-40C0-A441-E3A9A8C16E1A}.Debug|iPhoneSimulator.ActiveCfg = Debug|iPhoneSimulator
		{7408D6B4-D665-40C0-A441-E3A9A8C16E1A}.Debug|iPhoneSimulator.Build.0 = Debug|iPhoneSimulator
		{7408D6B4-D665-40C0-A441-E3A9A8C16E1A}.Debug|iPhoneSimulator.Deploy.0 = Debug|iPhoneSimulator
		{7408D6B4-D665-40C0-A441-E3A9A8C16E1A}.Release|Any CPU.ActiveCfg = Release|iPhoneSimulator
		{7408D6B4-D665-40C0-A441-E3A9A8C16E1A}.Release|Any CPU.Build.0 = Release|iPhoneSimulator
		{7408D6B4-D665-40C0-A441-E3A9A8C16E1A}.Release|Any CPU.Deploy.0 = Release|iPhoneSimulator
		{7408D6B4-D665-40C0-A441-E3A9A8C16E1A}.Release|iPhone.ActiveCfg = Release|iPhone
		{7408D6B4-D665-40C0-A441-E3A9A8C16E1A}.Release|iPhone.Build.0 = Release|iPhone
		{7408D6B4-D665-40C0-A441-E3A9A8C16E1A}.Release|iPhone.Deploy.0 = Release|iPhone
		{7408D6B4-D665-40C0-A441-E3A9A8C16E1A}.Release|iPhoneSimulator.ActiveCfg = Release|iPhoneSimulator
		{7408D6B4-D665-40C0-A441-E3A9A8C16E1A}.Release|iPhoneSimulator.Build.0 = Release|iPhoneSimulator
		{7408D6B4-D665-40C0-A441-E3A9A8C16E1A}.Release|iPhoneSimulator.Deploy.0 = Release|iPhoneSimulator
		{2168CC2F-DAD4-4E24-88C3-140EAF65AB71}.Debug|Any CPU.ActiveCfg = Debug|Any CPU
		{2168CC2F-DAD4-4E24-88C3-140EAF65AB71}.Debug|Any CPU.Build.0 = Debug|Any CPU
		{2168CC2F-DAD4-4E24-88C3-140EAF65AB71}.Debug|Any CPU.Deploy.0 = Debug|Any CPU
		{2168CC2F-DAD4-4E24-88C3-140EAF65AB71}.Debug|iPhone.ActiveCfg = Debug|Any CPU
		{2168CC2F-DAD4-4E24-88C3-140EAF65AB71}.Debug|iPhone.Build.0 = Debug|Any CPU
		{2168CC2F-DAD4-4E24-88C3-140EAF65AB71}.Debug|iPhone.Deploy.0 = Debug|Any CPU
		{2168CC2F-DAD4-4E24-88C3-140EAF65AB71}.Debug|iPhoneSimulator.ActiveCfg = Debug|Any CPU
		{2168CC2F-DAD4-4E24-88C3-140EAF65AB71}.Debug|iPhoneSimulator.Build.0 = Debug|Any CPU
		{2168CC2F-DAD4-4E24-88C3-140EAF65AB71}.Debug|iPhoneSimulator.Deploy.0 = Debug|Any CPU
		{2168CC2F-DAD4-4E24-88C3-140EAF65AB71}.Release|Any CPU.ActiveCfg = Release|Any CPU
		{2168CC2F-DAD4-4E24-88C3-140EAF65AB71}.Release|Any CPU.Build.0 = Release|Any CPU
		{2168CC2F-DAD4-4E24-88C3-140EAF65AB71}.Release|Any CPU.Deploy.0 = Release|Any CPU
		{2168CC2F-DAD4-4E24-88C3-140EAF65AB71}.Release|iPhone.ActiveCfg = Release|Any CPU
		{2168CC2F-DAD4-4E24-88C3-140EAF65AB71}.Release|iPhone.Build.0 = Release|Any CPU
		{2168CC2F-DAD4-4E24-88C3-140EAF65AB71}.Release|iPhone.Deploy.0 = Release|Any CPU
		{2168CC2F-DAD4-4E24-88C3-140EAF65AB71}.Release|iPhoneSimulator.ActiveCfg = Release|Any CPU
		{2168CC2F-DAD4-4E24-88C3-140EAF65AB71}.Release|iPhoneSimulator.Build.0 = Release|Any CPU
		{2168CC2F-DAD4-4E24-88C3-140EAF65AB71}.Release|iPhoneSimulator.Deploy.0 = Release|Any CPU
	EndGlobalSection
	GlobalSection(SolutionProperties) = preSolution
		HideSolutionNode = FALSE
	EndGlobalSection
	GlobalSection(ExtensibilityGlobals) = postSolution
		SolutionGuid = {A18AB476-009F-4FFC-B813-9600FFA1B9B5}
	EndGlobalSection
EndGlobal
